// !$*UTF8*$!
{
	archiveVersion = 1;
	classes = {
	};
	objectVersion = 55;
	objects = {

/* Begin PBXBuildFile section */
		7C5CCEC42830D02C008AF043 /* Pods_aVOCAdo.framework in Frameworks */ = {isa = PBXBuildFile; fileRef = 22C19E5F4B2CF70F985749E8 /* Pods_aVOCAdo.framework */; };
		7C5CCEC82830DC75008AF043 /* MenuViewController.swift in Sources */ = {isa = PBXBuildFile; fileRef = 7C5CCEC72830DC75008AF043 /* MenuViewController.swift */; };
		7C5CCECA28325014008AF043 /* VocaCell.swift in Sources */ = {isa = PBXBuildFile; fileRef = 7C5CCEC928325014008AF043 /* VocaCell.swift */; };
		7C5CCECC28325824008AF043 /* WriteVocaViewController.swift in Sources */ = {isa = PBXBuildFile; fileRef = 7C5CCECB28325824008AF043 /* WriteVocaViewController.swift */; };
		7C5CCECE28325959008AF043 /* VocaDetailViewController.swift in Sources */ = {isa = PBXBuildFile; fileRef = 7C5CCECD28325959008AF043 /* VocaDetailViewController.swift */; };
		7C5CCED0283287C0008AF043 /* ViewController.swift in Sources */ = {isa = PBXBuildFile; fileRef = 7C5CCECF283287C0008AF043 /* ViewController.swift */; };
		7C6B8E582828EA1C008500C7 /* LoginViewController.swift in Sources */ = {isa = PBXBuildFile; fileRef = 7C6B8E572828EA1C008500C7 /* LoginViewController.swift */; };
		7C6B8E5A2828F691008500C7 /* EnterEmailViewController.swift in Sources */ = {isa = PBXBuildFile; fileRef = 7C6B8E592828F691008500C7 /* EnterEmailViewController.swift */; };
		7C6B8E5C28290372008500C7 /* MainViewController.swift in Sources */ = {isa = PBXBuildFile; fileRef = 7C6B8E5B28290372008500C7 /* MainViewController.swift */; };
		7C6B8E5E282915F2008500C7 /* GoogleService-Info.plist in Resources */ = {isa = PBXBuildFile; fileRef = 7C6B8E5D282915F2008500C7 /* GoogleService-Info.plist */; };
		7CEDA9DB2832A68900D55B2B /* Voca.swift in Sources */ = {isa = PBXBuildFile; fileRef = 7CEDA9DA2832A68900D55B2B /* Voca.swift */; };
		7CF60A7C28201C58004100CE /* AppDelegate.swift in Sources */ = {isa = PBXBuildFile; fileRef = 7CF60A7B28201C58004100CE /* AppDelegate.swift */; };
		7CF60A7E28201C58004100CE /* SceneDelegate.swift in Sources */ = {isa = PBXBuildFile; fileRef = 7CF60A7D28201C58004100CE /* SceneDelegate.swift */; };
		7CF60A8328201C58004100CE /* Main.storyboard in Resources */ = {isa = PBXBuildFile; fileRef = 7CF60A8128201C58004100CE /* Main.storyboard */; };
		7CF60A8528201C59004100CE /* Assets.xcassets in Resources */ = {isa = PBXBuildFile; fileRef = 7CF60A8428201C59004100CE /* Assets.xcassets */; };
		7CF60A8828201C59004100CE /* LaunchScreen.storyboard in Resources */ = {isa = PBXBuildFile; fileRef = 7CF60A8628201C59004100CE /* LaunchScreen.storyboard */; };
		7CF60A9228202096004100CE /* logo.jpg in Resources */ = {isa = PBXBuildFile; fileRef = 7CF60A9128202096004100CE /* logo.jpg */; };
/* End PBXBuildFile section */

/* Begin PBXFileReference section */
		22C19E5F4B2CF70F985749E8 /* Pods_aVOCAdo.framework */ = {isa = PBXFileReference; explicitFileType = wrapper.framework; includeInIndex = 0; path = Pods_aVOCAdo.framework; sourceTree = BUILT_PRODUCTS_DIR; };
		7C5CCEC72830DC75008AF043 /* MenuViewController.swift */ = {isa = PBXFileReference; lastKnownFileType = sourcecode.swift; path = MenuViewController.swift; sourceTree = "<group>"; };
		7C5CCEC928325014008AF043 /* VocaCell.swift */ = {isa = PBXFileReference; lastKnownFileType = sourcecode.swift; path = VocaCell.swift; sourceTree = "<group>"; };
		7C5CCECB28325824008AF043 /* WriteVocaViewController.swift */ = {isa = PBXFileReference; lastKnownFileType = sourcecode.swift; path = WriteVocaViewController.swift; sourceTree = "<group>"; };
		7C5CCECD28325959008AF043 /* VocaDetailViewController.swift */ = {isa = PBXFileReference; lastKnownFileType = sourcecode.swift; path = VocaDetailViewController.swift; sourceTree = "<group>"; };
		7C5CCECF283287C0008AF043 /* ViewController.swift */ = {isa = PBXFileReference; lastKnownFileType = sourcecode.swift; path = ViewController.swift; sourceTree = "<group>"; };
		7C6B8E572828EA1C008500C7 /* LoginViewController.swift */ = {isa = PBXFileReference; lastKnownFileType = sourcecode.swift; name = LoginViewController.swift; path = ../LoginViewController.swift; sourceTree = "<group>"; };
		7C6B8E592828F691008500C7 /* EnterEmailViewController.swift */ = {isa = PBXFileReference; lastKnownFileType = sourcecode.swift; path = EnterEmailViewController.swift; sourceTree = "<group>"; };
		7C6B8E5B28290372008500C7 /* MainViewController.swift */ = {isa = PBXFileReference; lastKnownFileType = sourcecode.swift; path = MainViewController.swift; sourceTree = "<group>"; };
		7C6B8E5D282915F2008500C7 /* GoogleService-Info.plist */ = {isa = PBXFileReference; fileEncoding = 4; lastKnownFileType = text.plist.xml; path = "GoogleService-Info.plist"; sourceTree = "<group>"; };
		7C6B8E6228298132008500C7 /* FirebaseAuth.framework */ = {isa = PBXFileReference; explicitFileType = wrapper.framework; path = FirebaseAuth.framework; sourceTree = BUILT_PRODUCTS_DIR; };
		7C6B8E662829818E008500C7 /* GoogleUtilities.framework */ = {isa = PBXFileReference; explicitFileType = wrapper.framework; path = GoogleUtilities.framework; sourceTree = BUILT_PRODUCTS_DIR; };
		7CEDA9DA2832A68900D55B2B /* Voca.swift */ = {isa = PBXFileReference; lastKnownFileType = sourcecode.swift; path = Voca.swift; sourceTree = "<group>"; };
		7CF60A7828201C58004100CE /* aVOCAdo.app */ = {isa = PBXFileReference; explicitFileType = wrapper.application; includeInIndex = 0; path = aVOCAdo.app; sourceTree = BUILT_PRODUCTS_DIR; };
		7CF60A7B28201C58004100CE /* AppDelegate.swift */ = {isa = PBXFileReference; lastKnownFileType = sourcecode.swift; path = AppDelegate.swift; sourceTree = "<group>"; };
		7CF60A7D28201C58004100CE /* SceneDelegate.swift */ = {isa = PBXFileReference; lastKnownFileType = sourcecode.swift; path = SceneDelegate.swift; sourceTree = "<group>"; };
		7CF60A8228201C58004100CE /* Base */ = {isa = PBXFileReference; lastKnownFileType = file.storyboard; name = Base; path = Base.lproj/Main.storyboard; sourceTree = "<group>"; };
		7CF60A8428201C59004100CE /* Assets.xcassets */ = {isa = PBXFileReference; lastKnownFileType = folder.assetcatalog; path = Assets.xcassets; sourceTree = "<group>"; };
		7CF60A8728201C59004100CE /* Base */ = {isa = PBXFileReference; lastKnownFileType = file.storyboard; name = Base; path = Base.lproj/LaunchScreen.storyboard; sourceTree = "<group>"; };
		7CF60A8928201C59004100CE /* Info.plist */ = {isa = PBXFileReference; lastKnownFileType = text.plist.xml; path = Info.plist; sourceTree = "<group>"; };
		7CF60A9128202096004100CE /* logo.jpg */ = {isa = PBXFileReference; lastKnownFileType = image.jpeg; path = logo.jpg; sourceTree = "<group>"; };
		87B67D0CCFC4CD8C57436345 /* Pods-aVOCAdo.release.xcconfig */ = {isa = PBXFileReference; includeInIndex = 1; lastKnownFileType = text.xcconfig; name = "Pods-aVOCAdo.release.xcconfig"; path = "Target Support Files/Pods-aVOCAdo/Pods-aVOCAdo.release.xcconfig"; sourceTree = "<group>"; };
		AD19CB1190345DAB6440B473 /* Pods-aVOCAdo.debug.xcconfig */ = {isa = PBXFileReference; includeInIndex = 1; lastKnownFileType = text.xcconfig; name = "Pods-aVOCAdo.debug.xcconfig"; path = "Target Support Files/Pods-aVOCAdo/Pods-aVOCAdo.debug.xcconfig"; sourceTree = "<group>"; };
/* End PBXFileReference section */

/* Begin PBXFrameworksBuildPhase section */
		7CF60A7528201C58004100CE /* Frameworks */ = {
			isa = PBXFrameworksBuildPhase;
			buildActionMask = 2147483647;
			files = (
				7C5CCEC42830D02C008AF043 /* Pods_aVOCAdo.framework in Frameworks */,
			);
			runOnlyForDeploymentPostprocessing = 0;
		};
/* End PBXFrameworksBuildPhase section */

/* Begin PBXGroup section */
		688ACA3F050C761D33F03A79 /* Frameworks */ = {
			isa = PBXGroup;
			children = (
				7C6B8E662829818E008500C7 /* GoogleUtilities.framework */,
				7C6B8E6228298132008500C7 /* FirebaseAuth.framework */,
				22C19E5F4B2CF70F985749E8 /* Pods_aVOCAdo.framework */,
			);
			name = Frameworks;
			sourceTree = "<group>";
		};
		71B4F773E635C55DD3FDF54B /* Pods */ = {
			isa = PBXGroup;
			children = (
				AD19CB1190345DAB6440B473 /* Pods-aVOCAdo.debug.xcconfig */,
				87B67D0CCFC4CD8C57436345 /* Pods-aVOCAdo.release.xcconfig */,
			);
			path = Pods;
			sourceTree = "<group>";
		};
		7CF60A6F28201C58004100CE = {
			isa = PBXGroup;
			children = (
				7CF60A7A28201C58004100CE /* aVOCAdo */,
				7CF60A7928201C58004100CE /* Products */,
				71B4F773E635C55DD3FDF54B /* Pods */,
				688ACA3F050C761D33F03A79 /* Frameworks */,
			);
			sourceTree = "<group>";
		};
		7CF60A7928201C58004100CE /* Products */ = {
			isa = PBXGroup;
			children = (
				7CF60A7828201C58004100CE /* aVOCAdo.app */,
			);
			name = Products;
			sourceTree = "<group>";
		};
		7CF60A7A28201C58004100CE /* aVOCAdo */ = {
			isa = PBXGroup;
			children = (
				7CEDA9DA2832A68900D55B2B /* Voca.swift */,
				7C5CCECF283287C0008AF043 /* ViewController.swift */,
				7C5CCECD28325959008AF043 /* VocaDetailViewController.swift */,
				7C5CCECB28325824008AF043 /* WriteVocaViewController.swift */,
				7C5CCEC928325014008AF043 /* VocaCell.swift */,
				7C5CCEC72830DC75008AF043 /* MenuViewController.swift */,
				7C6B8E572828EA1C008500C7 /* LoginViewController.swift */,
				7C6B8E5B28290372008500C7 /* MainViewController.swift */,
				7C6B8E592828F691008500C7 /* EnterEmailViewController.swift */,
				7CF60A9128202096004100CE /* logo.jpg */,
				7CF60A7B28201C58004100CE /* AppDelegate.swift */,
				7CF60A7D28201C58004100CE /* SceneDelegate.swift */,
				7CF60A8128201C58004100CE /* Main.storyboard */,
				7CF60A8428201C59004100CE /* Assets.xcassets */,
				7CF60A8628201C59004100CE /* LaunchScreen.storyboard */,
				7CF60A8928201C59004100CE /* Info.plist */,
				7C6B8E5D282915F2008500C7 /* GoogleService-Info.plist */,
			);
			path = aVOCAdo;
			sourceTree = "<group>";
		};
/* End PBXGroup section */

/* Begin PBXNativeTarget section */
		7CF60A7728201C58004100CE /* aVOCAdo */ = {
			isa = PBXNativeTarget;
			buildConfigurationList = 7CF60A8C28201C59004100CE /* Build configuration list for PBXNativeTarget "aVOCAdo" */;
			buildPhases = (
				42896F486E7157EB7379BD1E /* [CP] Check Pods Manifest.lock */,
				7CF60A7428201C58004100CE /* Sources */,
				7CF60A7528201C58004100CE /* Frameworks */,
				7CF60A7628201C58004100CE /* Resources */,
				23F198E6854855DB281D18E7 /* [CP] Embed Pods Frameworks */,
			);
			buildRules = (
			);
			dependencies = (
			);
			name = aVOCAdo;
			productName = aVOCAdo;
			productReference = 7CF60A7828201C58004100CE /* aVOCAdo.app */;
			productType = "com.apple.product-type.application";
		};
/* End PBXNativeTarget section */

/* Begin PBXProject section */
		7CF60A7028201C58004100CE /* Project object */ = {
			isa = PBXProject;
			attributes = {
				BuildIndependentTargetsInParallel = 1;
				LastSwiftUpdateCheck = 1330;
				LastUpgradeCheck = 1330;
				TargetAttributes = {
					7CF60A7728201C58004100CE = {
						CreatedOnToolsVersion = 13.3;
					};
				};
			};
			buildConfigurationList = 7CF60A7328201C58004100CE /* Build configuration list for PBXProject "aVOCAdo" */;
			compatibilityVersion = "Xcode 13.0";
			developmentRegion = en;
			hasScannedForEncodings = 0;
			knownRegions = (
				en,
				Base,
			);
			mainGroup = 7CF60A6F28201C58004100CE;
			productRefGroup = 7CF60A7928201C58004100CE /* Products */;
			projectDirPath = "";
			projectRoot = "";
			targets = (
				7CF60A7728201C58004100CE /* aVOCAdo */,
			);
		};
/* End PBXProject section */

/* Begin PBXResourcesBuildPhase section */
		7CF60A7628201C58004100CE /* Resources */ = {
			isa = PBXResourcesBuildPhase;
			buildActionMask = 2147483647;
			files = (
				7CF60A9228202096004100CE /* logo.jpg in Resources */,
				7CF60A8828201C59004100CE /* LaunchScreen.storyboard in Resources */,
				7C6B8E5E282915F2008500C7 /* GoogleService-Info.plist in Resources */,
				7CF60A8528201C59004100CE /* Assets.xcassets in Resources */,
				7CF60A8328201C58004100CE /* Main.storyboard in Resources */,
			);
			runOnlyForDeploymentPostprocessing = 0;
		};
/* End PBXResourcesBuildPhase section */

/* Begin PBXShellScriptBuildPhase section */
		23F198E6854855DB281D18E7 /* [CP] Embed Pods Frameworks */ = {
			isa = PBXShellScriptBuildPhase;
			buildActionMask = 2147483647;
			files = (
			);
			inputFileListPaths = (
				"${PODS_ROOT}/Target Support Files/Pods-aVOCAdo/Pods-aVOCAdo-frameworks-${CONFIGURATION}-input-files.xcfilelist",
			);
			name = "[CP] Embed Pods Frameworks";
			outputFileListPaths = (
				"${PODS_ROOT}/Target Support Files/Pods-aVOCAdo/Pods-aVOCAdo-frameworks-${CONFIGURATION}-output-files.xcfilelist",
			);
			runOnlyForDeploymentPostprocessing = 0;
			shellPath = /bin/sh;
			shellScript = "\"${PODS_ROOT}/Target Support Files/Pods-aVOCAdo/Pods-aVOCAdo-frameworks.sh\"\n";
			showEnvVarsInLog = 0;
		};
		42896F486E7157EB7379BD1E /* [CP] Check Pods Manifest.lock */ = {
			isa = PBXShellScriptBuildPhase;
			buildActionMask = 2147483647;
			files = (
			);
			inputFileListPaths = (
			);
			inputPaths = (
				"${PODS_PODFILE_DIR_PATH}/Podfile.lock",
				"${PODS_ROOT}/Manifest.lock",
			);
			name = "[CP] Check Pods Manifest.lock";
			outputFileListPaths = (
			);
			outputPaths = (
				"$(DERIVED_FILE_DIR)/Pods-aVOCAdo-checkManifestLockResult.txt",
			);
			runOnlyForDeploymentPostprocessing = 0;
			shellPath = /bin/sh;
			shellScript = "diff \"${PODS_PODFILE_DIR_PATH}/Podfile.lock\" \"${PODS_ROOT}/Manifest.lock\" > /dev/null\nif [ $? != 0 ] ; then\n    # print error to STDERR\n    echo \"error: The sandbox is not in sync with the Podfile.lock. Run 'pod install' or update your CocoaPods installation.\" >&2\n    exit 1\nfi\n# This output is used by Xcode 'outputs' to avoid re-running this script phase.\necho \"SUCCESS\" > \"${SCRIPT_OUTPUT_FILE_0}\"\n";
			showEnvVarsInLog = 0;
		};
/* End PBXShellScriptBuildPhase section */

/* Begin PBXSourcesBuildPhase section */
		7CF60A7428201C58004100CE /* Sources */ = {
			isa = PBXSourcesBuildPhase;
			buildActionMask = 2147483647;
			files = (
				7C5CCED0283287C0008AF043 /* ViewController.swift in Sources */,
				7C6B8E582828EA1C008500C7 /* LoginViewController.swift in Sources */,
				7C5CCEC82830DC75008AF043 /* MenuViewController.swift in Sources */,
				7CEDA9DB2832A68900D55B2B /* Voca.swift in Sources */,
				7C5CCECA28325014008AF043 /* VocaCell.swift in Sources */,
				7C5CCECC28325824008AF043 /* WriteVocaViewController.swift in Sources */,
				7CF60A7C28201C58004100CE /* AppDelegate.swift in Sources */,
				7C5CCECE28325959008AF043 /* VocaDetailViewController.swift in Sources */,
				7C6B8E5A2828F691008500C7 /* EnterEmailViewController.swift in Sources */,
				7CF60A7E28201C58004100CE /* SceneDelegate.swift in Sources */,
				7C6B8E5C28290372008500C7 /* MainViewController.swift in Sources */,
			);
			runOnlyForDeploymentPostprocessing = 0;
		};
/* End PBXSourcesBuildPhase section */

/* Begin PBXVariantGroup section */
		7CF60A8128201C58004100CE /* Main.storyboard */ = {
			isa = PBXVariantGroup;
			children = (
				7CF60A8228201C58004100CE /* Base */,
			);
			name = Main.storyboard;
			sourceTree = "<group>";
		};
		7CF60A8628201C59004100CE /* LaunchScreen.storyboard */ = {
			isa = PBXVariantGroup;
			children = (
				7CF60A8728201C59004100CE /* Base */,
			);
			name = LaunchScreen.storyboard;
			sourceTree = "<group>";
		};
/* End PBXVariantGroup section */

/* Begin XCBuildConfiguration section */
		7CF60A8A28201C59004100CE /* Debug */ = {
			isa = XCBuildConfiguration;
			buildSettings = {
				ALWAYS_SEARCH_USER_PATHS = NO;
				CLANG_ANALYZER_NONNULL = YES;
				CLANG_ANALYZER_NUMBER_OBJECT_CONVERSION = YES_AGGRESSIVE;
				CLANG_CXX_LANGUAGE_STANDARD = "gnu++17";
				CLANG_ENABLE_MODULES = YES;
				CLANG_ENABLE_OBJC_ARC = YES;
				CLANG_ENABLE_OBJC_WEAK = YES;
				CLANG_WARN_BLOCK_CAPTURE_AUTORELEASING = YES;
				CLANG_WARN_BOOL_CONVERSION = YES;
				CLANG_WARN_COMMA = YES;
				CLANG_WARN_CONSTANT_CONVERSION = YES;
				CLANG_WARN_DEPRECATED_OBJC_IMPLEMENTATIONS = YES;
				CLANG_WARN_DIRECT_OBJC_ISA_USAGE = YES_ERROR;
				CLANG_WARN_DOCUMENTATION_COMMENTS = YES;
				CLANG_WARN_EMPTY_BODY = YES;
				CLANG_WARN_ENUM_CONVERSION = YES;
				CLANG_WARN_INFINITE_RECURSION = YES;
				CLANG_WARN_INT_CONVERSION = YES;
				CLANG_WARN_NON_LITERAL_NULL_CONVERSION = YES;
				CLANG_WARN_OBJC_IMPLICIT_RETAIN_SELF = YES;
				CLANG_WARN_OBJC_LITERAL_CONVERSION = YES;
				CLANG_WARN_OBJC_ROOT_CLASS = YES_ERROR;
				CLANG_WARN_QUOTED_INCLUDE_IN_FRAMEWORK_HEADER = YES;
				CLANG_WARN_RANGE_LOOP_ANALYSIS = YES;
				CLANG_WARN_STRICT_PROTOTYPES = YES;
				CLANG_WARN_SUSPICIOUS_MOVE = YES;
				CLANG_WARN_UNGUARDED_AVAILABILITY = YES_AGGRESSIVE;
				CLANG_WARN_UNREACHABLE_CODE = YES;
				CLANG_WARN__DUPLICATE_METHOD_MATCH = YES;
				COPY_PHASE_STRIP = NO;
				DEBUG_INFORMATION_FORMAT = dwarf;
				ENABLE_STRICT_OBJC_MSGSEND = YES;
				ENABLE_TESTABILITY = YES;
				GCC_C_LANGUAGE_STANDARD = gnu11;
				GCC_DYNAMIC_NO_PIC = NO;
				GCC_NO_COMMON_BLOCKS = YES;
				GCC_OPTIMIZATION_LEVEL = 0;
				GCC_PREPROCESSOR_DEFINITIONS = (
					"DEBUG=1",
					"$(inherited)",
				);
				GCC_WARN_64_TO_32_BIT_CONVERSION = YES;
				GCC_WARN_ABOUT_RETURN_TYPE = YES_ERROR;
				GCC_WARN_UNDECLARED_SELECTOR = YES;
				GCC_WARN_UNINITIALIZED_AUTOS = YES_AGGRESSIVE;
				GCC_WARN_UNUSED_FUNCTION = YES;
				GCC_WARN_UNUSED_VARIABLE = YES;
				IPHONEOS_DEPLOYMENT_TARGET = 15.4;
				MTL_ENABLE_DEBUG_INFO = INCLUDE_SOURCE;
				MTL_FAST_MATH = YES;
				ONLY_ACTIVE_ARCH = YES;
				SDKROOT = iphoneos;
				SWIFT_ACTIVE_COMPILATION_CONDITIONS = DEBUG;
				SWIFT_OPTIMIZATION_LEVEL = "-Onone";
			};
			name = Debug;
		};
		7CF60A8B28201C59004100CE /* Release */ = {
			isa = XCBuildConfiguration;
			buildSettings = {
				ALWAYS_SEARCH_USER_PATHS = NO;
				CLANG_ANALYZER_NONNULL = YES;
				CLANG_ANALYZER_NUMBER_OBJECT_CONVERSION = YES_AGGRESSIVE;
				CLANG_CXX_LANGUAGE_STANDARD = "gnu++17";
				CLANG_ENABLE_MODULES = YES;
				CLANG_ENABLE_OBJC_ARC = YES;
				CLANG_ENABLE_OBJC_WEAK = YES;
				CLANG_WARN_BLOCK_CAPTURE_AUTORELEASING = YES;
				CLANG_WARN_BOOL_CONVERSION = YES;
				CLANG_WARN_COMMA = YES;
				CLANG_WARN_CONSTANT_CONVERSION = YES;
				CLANG_WARN_DEPRECATED_OBJC_IMPLEMENTATIONS = YES;
				CLANG_WARN_DIRECT_OBJC_ISA_USAGE = YES_ERROR;
				CLANG_WARN_DOCUMENTATION_COMMENTS = YES;
				CLANG_WARN_EMPTY_BODY = YES;
				CLANG_WARN_ENUM_CONVERSION = YES;
				CLANG_WARN_INFINITE_RECURSION = YES;
				CLANG_WARN_INT_CONVERSION = YES;
				CLANG_WARN_NON_LITERAL_NULL_CONVERSION = YES;
				CLANG_WARN_OBJC_IMPLICIT_RETAIN_SELF = YES;
				CLANG_WARN_OBJC_LITERAL_CONVERSION = YES;
				CLANG_WARN_OBJC_ROOT_CLASS = YES_ERROR;
				CLANG_WARN_QUOTED_INCLUDE_IN_FRAMEWORK_HEADER = YES;
				CLANG_WARN_RANGE_LOOP_ANALYSIS = YES;
				CLANG_WARN_STRICT_PROTOTYPES = YES;
				CLANG_WARN_SUSPICIOUS_MOVE = YES;
				CLANG_WARN_UNGUARDED_AVAILABILITY = YES_AGGRESSIVE;
				CLANG_WARN_UNREACHABLE_CODE = YES;
				CLANG_WARN__DUPLICATE_METHOD_MATCH = YES;
				COPY_PHASE_STRIP = NO;
				DEBUG_INFORMATION_FORMAT = "dwarf-with-dsym";
				ENABLE_NS_ASSERTIONS = NO;
				ENABLE_STRICT_OBJC_MSGSEND = YES;
				GCC_C_LANGUAGE_STANDARD = gnu11;
				GCC_NO_COMMON_BLOCKS = YES;
				GCC_WARN_64_TO_32_BIT_CONVERSION = YES;
				GCC_WARN_ABOUT_RETURN_TYPE = YES_ERROR;
				GCC_WARN_UNDECLARED_SELECTOR = YES;
				GCC_WARN_UNINITIALIZED_AUTOS = YES_AGGRESSIVE;
				GCC_WARN_UNUSED_FUNCTION = YES;
				GCC_WARN_UNUSED_VARIABLE = YES;
				IPHONEOS_DEPLOYMENT_TARGET = 15.4;
				MTL_ENABLE_DEBUG_INFO = NO;
				MTL_FAST_MATH = YES;
				SDKROOT = iphoneos;
				SWIFT_COMPILATION_MODE = wholemodule;
				SWIFT_OPTIMIZATION_LEVEL = "-O";
				VALIDATE_PRODUCT = YES;
			};
			name = Release;
		};
		7CF60A8D28201C59004100CE /* Debug */ = {
			isa = XCBuildConfiguration;
			baseConfigurationReference = AD19CB1190345DAB6440B473 /* Pods-aVOCAdo.debug.xcconfig */;
			buildSettings = {
				ARCHS = "$(ARCHS_STANDARD)";
				ASSETCATALOG_COMPILER_APPICON_NAME = AppIcon;
				ASSETCATALOG_COMPILER_GLOBAL_ACCENT_COLOR_NAME = AccentColor;
				CODE_SIGN_STYLE = Automatic;
				CURRENT_PROJECT_VERSION = 1;
				DEVELOPMENT_TEAM = Q732628BGB;
				ENABLE_BITCODE = YES;
				ENABLE_ON_DEMAND_RESOURCES = NO;
				EXCLUDED_ARCHS = "";
				GENERATE_INFOPLIST_FILE = YES;
				INFOPLIST_FILE = aVOCAdo/Info.plist;
				INFOPLIST_KEY_UIApplicationSupportsIndirectInputEvents = YES;
				INFOPLIST_KEY_UILaunchStoryboardName = LaunchScreen;
				INFOPLIST_KEY_UIMainStoryboardFile = Main;
				INFOPLIST_KEY_UISupportedInterfaceOrientations_iPad = "UIInterfaceOrientationPortrait UIInterfaceOrientationPortraitUpsideDown UIInterfaceOrientationLandscapeLeft UIInterfaceOrientationLandscapeRight";
				INFOPLIST_KEY_UISupportedInterfaceOrientations_iPhone = "UIInterfaceOrientationPortrait UIInterfaceOrientationLandscapeLeft UIInterfaceOrientationLandscapeRight";
				LD_RUNPATH_SEARCH_PATHS = (
					"$(inherited)",
					"@executable_path/Frameworks",
				);
				MARKETING_VERSION = 1.0;
				ONLY_ACTIVE_ARCH = YES;
				PRODUCT_BUNDLE_IDENTIFIER = project.aVOCAdo;
				PRODUCT_NAME = "$(TARGET_NAME)";
				SWIFT_EMIT_LOC_STRINGS = YES;
				SWIFT_VERSION = 5.0;
				TARGETED_DEVICE_FAMILY = "1,2";
			};
			name = Debug;
		};
		7CF60A8E28201C59004100CE /* Release */ = {
			isa = XCBuildConfiguration;
			baseConfigurationReference = 87B67D0CCFC4CD8C57436345 /* Pods-aVOCAdo.release.xcconfig */;
			buildSettings = {
				ARCHS = "$(ARCHS_STANDARD)";
				ASSETCATALOG_COMPILER_APPICON_NAME = AppIcon;
				ASSETCATALOG_COMPILER_GLOBAL_ACCENT_COLOR_NAME = AccentColor;
				CODE_SIGN_STYLE = Automatic;
				CURRENT_PROJECT_VERSION = 1;
				DEVELOPMENT_TEAM = Q732628BGB;
				ENABLE_BITCODE = YES;
				ENABLE_ON_DEMAND_RESOURCES = NO;
				EXCLUDED_ARCHS = "";
				GENERATE_INFOPLIST_FILE = YES;
				INFOPLIST_FILE = aVOCAdo/Info.plist;
				INFOPLIST_KEY_UIApplicationSupportsIndirectInputEvents = YES;
				INFOPLIST_KEY_UILaunchStoryboardName = LaunchScreen;
				INFOPLIST_KEY_UIMainStoryboardFile = Main;
				INFOPLIST_KEY_UISupportedInterfaceOrientations_iPad = "UIInterfaceOrientationPortrait UIInterfaceOrientationPortraitUpsideDown UIInterfaceOrientationLandscapeLeft UIInterfaceOrientationLandscapeRight";
				INFOPLIST_KEY_UISupportedInterfaceOrientations_iPhone = "UIInterfaceOrientationPortrait UIInterfaceOrientationLandscapeLeft UIInterfaceOrientationLandscapeRight";
				LD_RUNPATH_SEARCH_PATHS = (
					"$(inherited)",
					"@executable_path/Frameworks",
				);
				MARKETING_VERSION = 1.0;
				PRODUCT_BUNDLE_IDENTIFIER = project.aVOCAdo;
				PRODUCT_NAME = "$(TARGET_NAME)";
				SWIFT_EMIT_LOC_STRINGS = YES;
				SWIFT_VERSION = 5.0;
				TARGETED_DEVICE_FAMILY = "1,2";
			};
			name = Release;
		};
/* End XCBuildConfiguration section */

/* Begin XCConfigurationList section */
		7CF60A7328201C58004100CE /* Build configuration list for PBXProject "aVOCAdo" */ = {
			isa = XCConfigurationList;
			buildConfigurations = (
				7CF60A8A28201C59004100CE /* Debug */,
				7CF60A8B28201C59004100CE /* Release */,
			);
			defaultConfigurationIsVisible = 0;
			defaultConfigurationName = Release;
		};
		7CF60A8C28201C59004100CE /* Build configuration list for PBXNativeTarget "aVOCAdo" */ = {
			isa = XCConfigurationList;
			buildConfigurations = (
				7CF60A8D28201C59004100CE /* Debug */,
				7CF60A8E28201C59004100CE /* Release */,
			);
			defaultConfigurationIsVisible = 0;
			defaultConfigurationName = Release;
		};
/* End XCConfigurationList section */
	};
	rootObject = 7CF60A7028201C58004100CE /* Project object */;
}
